
Microsoft Visual Studio Solution File, Format Version 12.00
# Visual Studio Version 16
VisualStudioVersion = 16.0.30907.101
MinimumVisualStudioVersion = 10.0.40219.1
Project("{FAE04EC0-301F-11D3-BF4B-00C04F79EFBC}") = "Hunddagis1", "Hunddagis1\Hunddagis1.csproj", "{55CEB9D3-65CE-4948-A0D5-1EE6A23C9EA4}"
EndProject
Global
	GlobalSection(SolutionConfigurationPlatforms) = preSolution
		Debug|Any CPU = Debug|Any CPU
		Release|Any CPU = Release|Any CPU
	EndGlobalSection
	GlobalSection(ProjectConfigurationPlatforms) = postSolution
		{55CEB9D3-65CE-4948-A0D5-1EE6A23C9EA4}.Debug|Any CPU.ActiveCfg = Debug|Any CPU
		{55CEB9D3-65CE-4948-A0D5-1EE6A23C9EA4}.Debug|Any CPU.Build.0 = Debug|Any CPU
		{55CEB9D3-65CE-4948-A0D5-1EE6A23C9EA4}.Release|Any CPU.ActiveCfg = Release|Any CPU
		{55CEB9D3-65CE-4948-A0D5-1EE6A23C9EA4}.Release|Any CPU.Build.0 = Release|Any CPU
	EndGlobalSection
	GlobalSection(SolutionProperties) = preSolution
		HideSolutionNode = FALSE
	EndGlobalSection
	GlobalSection(ExtensibilityGlobals) = postSolution
		SolutionGuid = {8559CF98-4846-4884-AD7F-178627C825D7}
	EndGlobalSection
EndGlobal
